
Microsoft Visual Studio Solution File, Format Version 12.00
# Visual Studio Version 16
VisualStudioVersion = 16.0.28315.86
MinimumVisualStudioVersion = 10.0.40219.1
Project("{9A19103F-16F7-4668-BE54-9A1E7A4F7556}") = "Ray.Core", "src\Ray.Core\Ray.Core.csproj", "{B91971A4-220C-4403-BB49-21C55867F120}"
EndProject
Project("{9A19103F-16F7-4668-BE54-9A1E7A4F7556}") = "Ray.EventBus.RabbitMQ", "src\Ray.RabbitMQ\Ray.EventBus.RabbitMQ.csproj", "{E46D1EDC-551E-4DEB-AF82-20F6F51FD76F}"
EndProject
Project("{9A19103F-16F7-4668-BE54-9A1E7A4F7556}") = "Ray.Storage.PostgreSQL", "src\Ray.Postgresql\Ray.Storage.PostgreSQL.csproj", "{334E6D35-3909-49CA-B754-32147B738BF4}"
EndProject
Project("{9A19103F-16F7-4668-BE54-9A1E7A4F7556}") = "Ray.Storage.Mongo", "src\Ray.Mongo\Ray.Storage.Mongo.csproj", "{A36D1747-C176-4B8B-8141-CD84A87FE0BD}"
EndProject
Project("{9A19103F-16F7-4668-BE54-9A1E7A4F7556}") = "Ray.DistributedTx", "src\Ray.DistributedTx\Ray.DistributedTx.csproj", "{68DBEB35-2187-495E-A2FD-37F6F35494D7}"
EndProject
Project("{9A19103F-16F7-4668-BE54-9A1E7A4F7556}") = "Ray.Storage.SQLCore", "src\Ray.Storage.SQLCore\Ray.Storage.SQLCore.csproj", "{FC5817E5-1486-41A6-8170-CE4DA970159A}"
EndProject
Project("{2150E333-8FDC-42A3-9474-1A3956D46DE8}") = "test", "test", "{93DE27BC-DBA4-4FA9-AA54-495290961438}"
EndProject
Project("{9A19103F-16F7-4668-BE54-9A1E7A4F7556}") = "RayCore.Tests", "test\RayCore.Tests\RayCore.Tests.csproj", "{702DC261-18FA-49FF-97BD-F36BD6D4EF7E}"
EndProject
Project("{9A19103F-16F7-4668-BE54-9A1E7A4F7556}") = "RayTest.IGrains", "test\RayTest.IGrains\RayTest.IGrains.csproj", "{30105CA6-1BE3-4821-93F7-0D8B585DBF19}"
EndProject
Project("{9A19103F-16F7-4668-BE54-9A1E7A4F7556}") = "RayTest.Grains", "test\RayTest.Grains\RayTest.Grains.csproj", "{D8499D55-2BEC-40FF-A031-44F9598DABCA}"
EndProject
Project("{2150E333-8FDC-42A3-9474-1A3956D46DE8}") = "examples", "examples", "{B04C458E-E534-482E-9E44-716A9580133D}"
EndProject
Project("{9A19103F-16F7-4668-BE54-9A1E7A4F7556}") = "Ray.IGrains", "examples\Ray.IGrains\Ray.IGrains.csproj", "{3E8A1ED9-E8D3-4610-B7FC-7C3C1834A42C}"
EndProject
Project("{9A19103F-16F7-4668-BE54-9A1E7A4F7556}") = "Ray.Grain", "examples\Ray.Grain\Ray.Grain.csproj", "{B2031233-65E7-4395-99D2-3A04D9890448}"
EndProject
Project("{9A19103F-16F7-4668-BE54-9A1E7A4F7556}") = "Ray.Host", "examples\Ray.Host\Ray.Host.csproj", "{82499EDF-13ED-4D3D-9551-B967251BC092}"
EndProject
Project("{9A19103F-16F7-4668-BE54-9A1E7A4F7556}") = "Ray.Client", "examples\Ray.Client\Ray.Client.csproj", "{EB545052-E6F6-42FE-A34A-CE987B8EC818}"
EndProject
Project("{9A19103F-16F7-4668-BE54-9A1E7A4F7556}") = "Ray.Storage.MySQL", "src\Ray.Storage.MySQL\Ray.Storage.MySQL.csproj", "{F41EFC6C-5299-477B-8301-65C1C8398D69}"
EndProject
Project("{FAE04EC0-301F-11D3-BF4B-00C04F79EFBC}") = "Ray.EventBus.Kafka", "Ray.EventBus.Kafka\Ray.EventBus.Kafka.csproj", "{56377603-62D7-426E-870E-7D8B03FE86E5}"
EndProject
Global
	GlobalSection(SolutionConfigurationPlatforms) = preSolution
		Debug|Any CPU = Debug|Any CPU
		Debug|x64 = Debug|x64
		Release|Any CPU = Release|Any CPU
		Release|x64 = Release|x64
	EndGlobalSection
	GlobalSection(ProjectConfigurationPlatforms) = postSolution
		{B91971A4-220C-4403-BB49-21C55867F120}.Debug|Any CPU.ActiveCfg = Debug|Any CPU
		{B91971A4-220C-4403-BB49-21C55867F120}.Debug|Any CPU.Build.0 = Debug|Any CPU
		{B91971A4-220C-4403-BB49-21C55867F120}.Debug|x64.ActiveCfg = Debug|Any CPU
		{B91971A4-220C-4403-BB49-21C55867F120}.Debug|x64.Build.0 = Debug|Any CPU
		{B91971A4-220C-4403-BB49-21C55867F120}.Release|Any CPU.ActiveCfg = Release|Any CPU
		{B91971A4-220C-4403-BB49-21C55867F120}.Release|Any CPU.Build.0 = Release|Any CPU
		{B91971A4-220C-4403-BB49-21C55867F120}.Release|x64.ActiveCfg = Release|Any CPU
		{B91971A4-220C-4403-BB49-21C55867F120}.Release|x64.Build.0 = Release|Any CPU
		{E46D1EDC-551E-4DEB-AF82-20F6F51FD76F}.Debug|Any CPU.ActiveCfg = Debug|Any CPU
		{E46D1EDC-551E-4DEB-AF82-20F6F51FD76F}.Debug|Any CPU.Build.0 = Debug|Any CPU
		{E46D1EDC-551E-4DEB-AF82-20F6F51FD76F}.Debug|x64.ActiveCfg = Debug|Any CPU
		{E46D1EDC-551E-4DEB-AF82-20F6F51FD76F}.Debug|x64.Build.0 = Debug|Any CPU
		{E46D1EDC-551E-4DEB-AF82-20F6F51FD76F}.Release|Any CPU.ActiveCfg = Release|Any CPU
		{E46D1EDC-551E-4DEB-AF82-20F6F51FD76F}.Release|Any CPU.Build.0 = Release|Any CPU
		{E46D1EDC-551E-4DEB-AF82-20F6F51FD76F}.Release|x64.ActiveCfg = Release|Any CPU
		{E46D1EDC-551E-4DEB-AF82-20F6F51FD76F}.Release|x64.Build.0 = Release|Any CPU
		{334E6D35-3909-49CA-B754-32147B738BF4}.Debug|Any CPU.ActiveCfg = Debug|Any CPU
		{334E6D35-3909-49CA-B754-32147B738BF4}.Debug|Any CPU.Build.0 = Debug|Any CPU
		{334E6D35-3909-49CA-B754-32147B738BF4}.Debug|x64.ActiveCfg = Debug|Any CPU
		{334E6D35-3909-49CA-B754-32147B738BF4}.Debug|x64.Build.0 = Debug|Any CPU
		{334E6D35-3909-49CA-B754-32147B738BF4}.Release|Any CPU.ActiveCfg = Release|Any CPU
		{334E6D35-3909-49CA-B754-32147B738BF4}.Release|Any CPU.Build.0 = Release|Any CPU
		{334E6D35-3909-49CA-B754-32147B738BF4}.Release|x64.ActiveCfg = Release|Any CPU
		{334E6D35-3909-49CA-B754-32147B738BF4}.Release|x64.Build.0 = Release|Any CPU
		{A36D1747-C176-4B8B-8141-CD84A87FE0BD}.Debug|Any CPU.ActiveCfg = Debug|Any CPU
		{A36D1747-C176-4B8B-8141-CD84A87FE0BD}.Debug|Any CPU.Build.0 = Debug|Any CPU
		{A36D1747-C176-4B8B-8141-CD84A87FE0BD}.Debug|x64.ActiveCfg = Debug|Any CPU
		{A36D1747-C176-4B8B-8141-CD84A87FE0BD}.Debug|x64.Build.0 = Debug|Any CPU
		{A36D1747-C176-4B8B-8141-CD84A87FE0BD}.Release|Any CPU.ActiveCfg = Release|Any CPU
		{A36D1747-C176-4B8B-8141-CD84A87FE0BD}.Release|Any CPU.Build.0 = Release|Any CPU
		{A36D1747-C176-4B8B-8141-CD84A87FE0BD}.Release|x64.ActiveCfg = Release|Any CPU
		{A36D1747-C176-4B8B-8141-CD84A87FE0BD}.Release|x64.Build.0 = Release|Any CPU
		{68DBEB35-2187-495E-A2FD-37F6F35494D7}.Debug|Any CPU.ActiveCfg = Debug|Any CPU
		{68DBEB35-2187-495E-A2FD-37F6F35494D7}.Debug|Any CPU.Build.0 = Debug|Any CPU
		{68DBEB35-2187-495E-A2FD-37F6F35494D7}.Debug|x64.ActiveCfg = Debug|Any CPU
		{68DBEB35-2187-495E-A2FD-37F6F35494D7}.Debug|x64.Build.0 = Debug|Any CPU
		{68DBEB35-2187-495E-A2FD-37F6F35494D7}.Release|Any CPU.ActiveCfg = Release|Any CPU
		{68DBEB35-2187-495E-A2FD-37F6F35494D7}.Release|Any CPU.Build.0 = Release|Any CPU
		{68DBEB35-2187-495E-A2FD-37F6F35494D7}.Release|x64.ActiveCfg = Release|Any CPU
		{68DBEB35-2187-495E-A2FD-37F6F35494D7}.Release|x64.Build.0 = Release|Any CPU
		{FC5817E5-1486-41A6-8170-CE4DA970159A}.Debug|Any CPU.ActiveCfg = Debug|Any CPU
		{FC5817E5-1486-41A6-8170-CE4DA970159A}.Debug|Any CPU.Build.0 = Debug|Any CPU
		{FC5817E5-1486-41A6-8170-CE4DA970159A}.Debug|x64.ActiveCfg = Debug|Any CPU
		{FC5817E5-1486-41A6-8170-CE4DA970159A}.Debug|x64.Build.0 = Debug|Any CPU
		{FC5817E5-1486-41A6-8170-CE4DA970159A}.Release|Any CPU.ActiveCfg = Release|Any CPU
		{FC5817E5-1486-41A6-8170-CE4DA970159A}.Release|Any CPU.Build.0 = Release|Any CPU
		{FC5817E5-1486-41A6-8170-CE4DA970159A}.Release|x64.ActiveCfg = Release|Any CPU
		{FC5817E5-1486-41A6-8170-CE4DA970159A}.Release|x64.Build.0 = Release|Any CPU
		{702DC261-18FA-49FF-97BD-F36BD6D4EF7E}.Debug|Any CPU.ActiveCfg = Debug|Any CPU
		{702DC261-18FA-49FF-97BD-F36BD6D4EF7E}.Debug|Any CPU.Build.0 = Debug|Any CPU
		{702DC261-18FA-49FF-97BD-F36BD6D4EF7E}.Debug|x64.ActiveCfg = Debug|Any CPU
		{702DC261-18FA-49FF-97BD-F36BD6D4EF7E}.Debug|x64.Build.0 = Debug|Any CPU
		{702DC261-18FA-49FF-97BD-F36BD6D4EF7E}.Release|Any CPU.ActiveCfg = Release|Any CPU
		{702DC261-18FA-49FF-97BD-F36BD6D4EF7E}.Release|Any CPU.Build.0 = Release|Any CPU
		{702DC261-18FA-49FF-97BD-F36BD6D4EF7E}.Release|x64.ActiveCfg = Release|Any CPU
		{702DC261-18FA-49FF-97BD-F36BD6D4EF7E}.Release|x64.Build.0 = Release|Any CPU
		{30105CA6-1BE3-4821-93F7-0D8B585DBF19}.Debug|Any CPU.ActiveCfg = Debug|Any CPU
		{30105CA6-1BE3-4821-93F7-0D8B585DBF19}.Debug|Any CPU.Build.0 = Debug|Any CPU
		{30105CA6-1BE3-4821-93F7-0D8B585DBF19}.Debug|x64.ActiveCfg = Debug|Any CPU
		{30105CA6-1BE3-4821-93F7-0D8B585DBF19}.Debug|x64.Build.0 = Debug|Any CPU
		{30105CA6-1BE3-4821-93F7-0D8B585DBF19}.Release|Any CPU.ActiveCfg = Release|Any CPU
		{30105CA6-1BE3-4821-93F7-0D8B585DBF19}.Release|Any CPU.Build.0 = Release|Any CPU
		{30105CA6-1BE3-4821-93F7-0D8B585DBF19}.Release|x64.ActiveCfg = Release|Any CPU
		{30105CA6-1BE3-4821-93F7-0D8B585DBF19}.Release|x64.Build.0 = Release|Any CPU
		{D8499D55-2BEC-40FF-A031-44F9598DABCA}.Debug|Any CPU.ActiveCfg = Debug|Any CPU
		{D8499D55-2BEC-40FF-A031-44F9598DABCA}.Debug|Any CPU.Build.0 = Debug|Any CPU
		{D8499D55-2BEC-40FF-A031-44F9598DABCA}.Debug|x64.ActiveCfg = Debug|Any CPU
		{D8499D55-2BEC-40FF-A031-44F9598DABCA}.Debug|x64.Build.0 = Debug|Any CPU
		{D8499D55-2BEC-40FF-A031-44F9598DABCA}.Release|Any CPU.ActiveCfg = Release|Any CPU
		{D8499D55-2BEC-40FF-A031-44F9598DABCA}.Release|Any CPU.Build.0 = Release|Any CPU
		{D8499D55-2BEC-40FF-A031-44F9598DABCA}.Release|x64.ActiveCfg = Release|Any CPU
		{D8499D55-2BEC-40FF-A031-44F9598DABCA}.Release|x64.Build.0 = Release|Any CPU
		{3E8A1ED9-E8D3-4610-B7FC-7C3C1834A42C}.Debug|Any CPU.ActiveCfg = Debug|Any CPU
		{3E8A1ED9-E8D3-4610-B7FC-7C3C1834A42C}.Debug|Any CPU.Build.0 = Debug|Any CPU
		{3E8A1ED9-E8D3-4610-B7FC-7C3C1834A42C}.Debug|x64.ActiveCfg = Debug|Any CPU
		{3E8A1ED9-E8D3-4610-B7FC-7C3C1834A42C}.Debug|x64.Build.0 = Debug|Any CPU
		{3E8A1ED9-E8D3-4610-B7FC-7C3C1834A42C}.Release|Any CPU.ActiveCfg = Release|Any CPU
		{3E8A1ED9-E8D3-4610-B7FC-7C3C1834A42C}.Release|Any CPU.Build.0 = Release|Any CPU
		{3E8A1ED9-E8D3-4610-B7FC-7C3C1834A42C}.Release|x64.ActiveCfg = Release|Any CPU
		{3E8A1ED9-E8D3-4610-B7FC-7C3C1834A42C}.Release|x64.Build.0 = Release|Any CPU
		{B2031233-65E7-4395-99D2-3A04D9890448}.Debug|Any CPU.ActiveCfg = Debug|Any CPU
		{B2031233-65E7-4395-99D2-3A04D9890448}.Debug|Any CPU.Build.0 = Debug|Any CPU
		{B2031233-65E7-4395-99D2-3A04D9890448}.Debug|x64.ActiveCfg = Debug|Any CPU
		{B2031233-65E7-4395-99D2-3A04D9890448}.Debug|x64.Build.0 = Debug|Any CPU
		{B2031233-65E7-4395-99D2-3A04D9890448}.Release|Any CPU.ActiveCfg = Release|Any CPU
		{B2031233-65E7-4395-99D2-3A04D9890448}.Release|Any CPU.Build.0 = Release|Any CPU
		{B2031233-65E7-4395-99D2-3A04D9890448}.Release|x64.ActiveCfg = Release|Any CPU
		{B2031233-65E7-4395-99D2-3A04D9890448}.Release|x64.Build.0 = Release|Any CPU
		{82499EDF-13ED-4D3D-9551-B967251BC092}.Debug|Any CPU.ActiveCfg = Debug|Any CPU
		{82499EDF-13ED-4D3D-9551-B967251BC092}.Debug|Any CPU.Build.0 = Debug|Any CPU
		{82499EDF-13ED-4D3D-9551-B967251BC092}.Debug|x64.ActiveCfg = Debug|x64
		{82499EDF-13ED-4D3D-9551-B967251BC092}.Debug|x64.Build.0 = Debug|x64
		{82499EDF-13ED-4D3D-9551-B967251BC092}.Release|Any CPU.ActiveCfg = Release|Any CPU
		{82499EDF-13ED-4D3D-9551-B967251BC092}.Release|Any CPU.Build.0 = Release|Any CPU
		{82499EDF-13ED-4D3D-9551-B967251BC092}.Release|x64.ActiveCfg = Release|x64
		{82499EDF-13ED-4D3D-9551-B967251BC092}.Release|x64.Build.0 = Release|x64
		{EB545052-E6F6-42FE-A34A-CE987B8EC818}.Debug|Any CPU.ActiveCfg = Debug|Any CPU
		{EB545052-E6F6-42FE-A34A-CE987B8EC818}.Debug|Any CPU.Build.0 = Debug|Any CPU
		{EB545052-E6F6-42FE-A34A-CE987B8EC818}.Debug|x64.ActiveCfg = Debug|Any CPU
		{EB545052-E6F6-42FE-A34A-CE987B8EC818}.Debug|x64.Build.0 = Debug|Any CPU
		{EB545052-E6F6-42FE-A34A-CE987B8EC818}.Release|Any CPU.ActiveCfg = Release|Any CPU
		{EB545052-E6F6-42FE-A34A-CE987B8EC818}.Release|Any CPU.Build.0 = Release|Any CPU
		{EB545052-E6F6-42FE-A34A-CE987B8EC818}.Release|x64.ActiveCfg = Release|Any CPU
		{EB545052-E6F6-42FE-A34A-CE987B8EC818}.Release|x64.Build.0 = Release|Any CPU
		{F41EFC6C-5299-477B-8301-65C1C8398D69}.Debug|Any CPU.ActiveCfg = Debug|Any CPU
		{F41EFC6C-5299-477B-8301-65C1C8398D69}.Debug|Any CPU.Build.0 = Debug|Any CPU
		{F41EFC6C-5299-477B-8301-65C1C8398D69}.Debug|x64.ActiveCfg = Debug|Any CPU
		{F41EFC6C-5299-477B-8301-65C1C8398D69}.Debug|x64.Build.0 = Debug|Any CPU
		{F41EFC6C-5299-477B-8301-65C1C8398D69}.Release|Any CPU.ActiveCfg = Release|Any CPU
		{F41EFC6C-5299-477B-8301-65C1C8398D69}.Release|Any CPU.Build.0 = Release|Any CPU
		{F41EFC6C-5299-477B-8301-65C1C8398D69}.Release|x64.ActiveCfg = Release|Any CPU
		{F41EFC6C-5299-477B-8301-65C1C8398D69}.Release|x64.Build.0 = Release|Any CPU
		{56377603-62D7-426E-870E-7D8B03FE86E5}.Debug|Any CPU.ActiveCfg = Debug|Any CPU
		{56377603-62D7-426E-870E-7D8B03FE86E5}.Debug|Any CPU.Build.0 = Debug|Any CPU
		{56377603-62D7-426E-870E-7D8B03FE86E5}.Debug|x64.ActiveCfg = Debug|Any CPU
		{56377603-62D7-426E-870E-7D8B03FE86E5}.Debug|x64.Build.0 = Debug|Any CPU
		{56377603-62D7-426E-870E-7D8B03FE86E5}.Release|Any CPU.ActiveCfg = Release|Any CPU
		{56377603-62D7-426E-870E-7D8B03FE86E5}.Release|Any CPU.Build.0 = Release|Any CPU
		{56377603-62D7-426E-870E-7D8B03FE86E5}.Release|x64.ActiveCfg = Release|Any CPU
		{56377603-62D7-426E-870E-7D8B03FE86E5}.Release|x64.Build.0 = Release|Any CPU
	EndGlobalSection
	GlobalSection(SolutionProperties) = preSolution
		HideSolutionNode = FALSE
	EndGlobalSection
	GlobalSection(NestedProjects) = preSolution
		{702DC261-18FA-49FF-97BD-F36BD6D4EF7E} = {93DE27BC-DBA4-4FA9-AA54-495290961438}
		{30105CA6-1BE3-4821-93F7-0D8B585DBF19} = {93DE27BC-DBA4-4FA9-AA54-495290961438}
		{D8499D55-2BEC-40FF-A031-44F9598DABCA} = {93DE27BC-DBA4-4FA9-AA54-495290961438}
		{3E8A1ED9-E8D3-4610-B7FC-7C3C1834A42C} = {B04C458E-E534-482E-9E44-716A9580133D}
		{B2031233-65E7-4395-99D2-3A04D9890448} = {B04C458E-E534-482E-9E44-716A9580133D}
		{82499EDF-13ED-4D3D-9551-B967251BC092} = {B04C458E-E534-482E-9E44-716A9580133D}
		{EB545052-E6F6-42FE-A34A-CE987B8EC818} = {B04C458E-E534-482E-9E44-716A9580133D}
	EndGlobalSection
	GlobalSection(ExtensibilityGlobals) = postSolution
		SolutionGuid = {B7F09963-06DE-499A-B620-B6EFB2FB2BE5}
	EndGlobalSection
EndGlobal
