
Microsoft Visual Studio Solution File, Format Version 12.00
# Visual Studio Version 16
VisualStudioVersion = 16.0.28315.86
MinimumVisualStudioVersion = 10.0.40219.1
Project("{9A19103F-16F7-4668-BE54-9A1E7A4F7556}") = "Ray.Core", "src\Ray.Core\Ray.Core.csproj", "{B91971A4-220C-4403-BB49-21C55867F120}"
EndProject
Project("{9A19103F-16F7-4668-BE54-9A1E7A4F7556}") = "Ray.DistributedTx", "src\Ray.DistributedTx\Ray.DistributedTx.csproj", "{68DBEB35-2187-495E-A2FD-37F6F35494D7}"
EndProject
Project("{9A19103F-16F7-4668-BE54-9A1E7A4F7556}") = "Ray.Storage.SQLCore", "src\Ray.Storage.SQLCore\Ray.Storage.SQLCore.csproj", "{FC5817E5-1486-41A6-8170-CE4DA970159A}"
EndProject
Project("{2150E333-8FDC-42A3-9474-1A3956D46DE8}") = "tests", "tests", "{93DE27BC-DBA4-4FA9-AA54-495290961438}"
EndProject
Project("{9A19103F-16F7-4668-BE54-9A1E7A4F7556}") = "Ray.Storage.MySQL", "src\Ray.Storage.MySQL\Ray.Storage.MySQL.csproj", "{F41EFC6C-5299-477B-8301-65C1C8398D69}"
EndProject
Project("{2150E333-8FDC-42A3-9474-1A3956D46DE8}") = "src", "src", "{85A2DBEC-97E7-4565-8A7C-8B44935D7F3E}"
EndProject
Project("{9A19103F-16F7-4668-BE54-9A1E7A4F7556}") = "Ray.EventBus.Kafka", "src\Ray.EventBus.Kafka\Ray.EventBus.Kafka.csproj", "{C5A41587-5C4F-46A4-A4E9-97BDB0F24C13}"
EndProject
Project("{9A19103F-16F7-4668-BE54-9A1E7A4F7556}") = "Ray.Storage.SQLServer", "src\Ray.Storage.SQLServer\Ray.Storage.SQLServer.csproj", "{83A0C19C-B972-463A-A0F2-B5E90762112E}"
EndProject
Project("{9A19103F-16F7-4668-BE54-9A1E7A4F7556}") = "Ray.Storage.Mongo", "src\Ray.Storage.Mongo\Ray.Storage.Mongo.csproj", "{C589CDD6-DF04-4227-A5CD-0CA2997B03B3}"
EndProject
Project("{9A19103F-16F7-4668-BE54-9A1E7A4F7556}") = "Ray.Storage.PostgreSQL", "src\Ray.Storage.PostgreSQL\Ray.Storage.PostgreSQL.csproj", "{F1977BE2-3AF8-488B-B3BF-9A82C84B8DD4}"
EndProject
Project("{9A19103F-16F7-4668-BE54-9A1E7A4F7556}") = "Ray.EventBus.RabbitMQ", "src\Ray.EventBus.RabbitMQ\Ray.EventBus.RabbitMQ.csproj", "{4A5A444A-1060-4C28-980D-B90A65112574}"
EndProject
Project("{9A19103F-16F7-4668-BE54-9A1E7A4F7556}") = "Ray.Core.Abstractions", "src\Ray.Core.Abstractions\Ray.Core.Abstractions.csproj", "{6332BED1-0113-4215-BBB7-EF0CB43A1D33}"
EndProject
Project("{9A19103F-16F7-4668-BE54-9A1E7A4F7556}") = "Ray.DistributedTx.Abstractions", "src\Ray.DistributedTx.Abstractions\Ray.DistributedTx.Abstractions.csproj", "{0BB41DDD-2AFB-4817-A972-713A1DF54B16}"
EndProject
Project("{2150E333-8FDC-42A3-9474-1A3956D46DE8}") = "Storage", "Storage", "{F4278FBA-3185-4E7D-9C44-5A4453EA431A}"
EndProject
Project("{9A19103F-16F7-4668-BE54-9A1E7A4F7556}") = "Ray.Metric.Core", "src\Ray.Metric.Core\Ray.Metric.Core.csproj", "{26142294-CF11-4A6A-9434-3441C7A5E81D}"
EndProject
Project("{9A19103F-16F7-4668-BE54-9A1E7A4F7556}") = "Ray.Metric.Prometheus", "src\Ray.Metric.Prometheus\Ray.Metric.Prometheus.csproj", "{8075DBE4-E969-40F2-BD70-8D40EFFDF7A1}"
EndProject
Project("{9A19103F-16F7-4668-BE54-9A1E7A4F7556}") = "Ray.Core.Tests", "tests\Ray.Core.Tests\Ray.Core.Tests.csproj", "{539C0DB5-DCD6-4B7C-BDE1-3A308234DAA2}"
EndProject
Project("{2150E333-8FDC-42A3-9474-1A3956D46DE8}") = "Messaging", "Messaging", "{88EF3CDC-60C9-4E45-ADE1-BB515480B011}"
EndProject
Global
	GlobalSection(SolutionConfigurationPlatforms) = preSolution
		Debug|Any CPU = Debug|Any CPU
		Debug|x64 = Debug|x64
		Release|Any CPU = Release|Any CPU
		Release|x64 = Release|x64
	EndGlobalSection
	GlobalSection(ProjectConfigurationPlatforms) = postSolution
		{B91971A4-220C-4403-BB49-21C55867F120}.Debug|Any CPU.ActiveCfg = Debug|Any CPU
		{B91971A4-220C-4403-BB49-21C55867F120}.Debug|Any CPU.Build.0 = Debug|Any CPU
		{B91971A4-220C-4403-BB49-21C55867F120}.Debug|x64.ActiveCfg = Debug|Any CPU
		{B91971A4-220C-4403-BB49-21C55867F120}.Debug|x64.Build.0 = Debug|Any CPU
		{B91971A4-220C-4403-BB49-21C55867F120}.Release|Any CPU.ActiveCfg = Release|Any CPU
		{B91971A4-220C-4403-BB49-21C55867F120}.Release|Any CPU.Build.0 = Release|Any CPU
		{B91971A4-220C-4403-BB49-21C55867F120}.Release|x64.ActiveCfg = Release|Any CPU
		{B91971A4-220C-4403-BB49-21C55867F120}.Release|x64.Build.0 = Release|Any CPU
		{68DBEB35-2187-495E-A2FD-37F6F35494D7}.Debug|Any CPU.ActiveCfg = Debug|Any CPU
		{68DBEB35-2187-495E-A2FD-37F6F35494D7}.Debug|Any CPU.Build.0 = Debug|Any CPU
		{68DBEB35-2187-495E-A2FD-37F6F35494D7}.Debug|x64.ActiveCfg = Debug|Any CPU
		{68DBEB35-2187-495E-A2FD-37F6F35494D7}.Debug|x64.Build.0 = Debug|Any CPU
		{68DBEB35-2187-495E-A2FD-37F6F35494D7}.Release|Any CPU.ActiveCfg = Release|Any CPU
		{68DBEB35-2187-495E-A2FD-37F6F35494D7}.Release|Any CPU.Build.0 = Release|Any CPU
		{68DBEB35-2187-495E-A2FD-37F6F35494D7}.Release|x64.ActiveCfg = Release|Any CPU
		{68DBEB35-2187-495E-A2FD-37F6F35494D7}.Release|x64.Build.0 = Release|Any CPU
		{FC5817E5-1486-41A6-8170-CE4DA970159A}.Debug|Any CPU.ActiveCfg = Debug|Any CPU
		{FC5817E5-1486-41A6-8170-CE4DA970159A}.Debug|Any CPU.Build.0 = Debug|Any CPU
		{FC5817E5-1486-41A6-8170-CE4DA970159A}.Debug|x64.ActiveCfg = Debug|Any CPU
		{FC5817E5-1486-41A6-8170-CE4DA970159A}.Debug|x64.Build.0 = Debug|Any CPU
		{FC5817E5-1486-41A6-8170-CE4DA970159A}.Release|Any CPU.ActiveCfg = Release|Any CPU
		{FC5817E5-1486-41A6-8170-CE4DA970159A}.Release|Any CPU.Build.0 = Release|Any CPU
		{FC5817E5-1486-41A6-8170-CE4DA970159A}.Release|x64.ActiveCfg = Release|Any CPU
		{FC5817E5-1486-41A6-8170-CE4DA970159A}.Release|x64.Build.0 = Release|Any CPU
		{F41EFC6C-5299-477B-8301-65C1C8398D69}.Debug|Any CPU.ActiveCfg = Debug|Any CPU
		{F41EFC6C-5299-477B-8301-65C1C8398D69}.Debug|Any CPU.Build.0 = Debug|Any CPU
		{F41EFC6C-5299-477B-8301-65C1C8398D69}.Debug|x64.ActiveCfg = Debug|Any CPU
		{F41EFC6C-5299-477B-8301-65C1C8398D69}.Debug|x64.Build.0 = Debug|Any CPU
		{F41EFC6C-5299-477B-8301-65C1C8398D69}.Release|Any CPU.ActiveCfg = Release|Any CPU
		{F41EFC6C-5299-477B-8301-65C1C8398D69}.Release|Any CPU.Build.0 = Release|Any CPU
		{F41EFC6C-5299-477B-8301-65C1C8398D69}.Release|x64.ActiveCfg = Release|Any CPU
		{F41EFC6C-5299-477B-8301-65C1C8398D69}.Release|x64.Build.0 = Release|Any CPU
		{C5A41587-5C4F-46A4-A4E9-97BDB0F24C13}.Debug|Any CPU.ActiveCfg = Debug|Any CPU
		{C5A41587-5C4F-46A4-A4E9-97BDB0F24C13}.Debug|Any CPU.Build.0 = Debug|Any CPU
		{C5A41587-5C4F-46A4-A4E9-97BDB0F24C13}.Debug|x64.ActiveCfg = Debug|Any CPU
		{C5A41587-5C4F-46A4-A4E9-97BDB0F24C13}.Debug|x64.Build.0 = Debug|Any CPU
		{C5A41587-5C4F-46A4-A4E9-97BDB0F24C13}.Release|Any CPU.ActiveCfg = Release|Any CPU
		{C5A41587-5C4F-46A4-A4E9-97BDB0F24C13}.Release|Any CPU.Build.0 = Release|Any CPU
		{C5A41587-5C4F-46A4-A4E9-97BDB0F24C13}.Release|x64.ActiveCfg = Release|Any CPU
		{C5A41587-5C4F-46A4-A4E9-97BDB0F24C13}.Release|x64.Build.0 = Release|Any CPU
		{83A0C19C-B972-463A-A0F2-B5E90762112E}.Debug|Any CPU.ActiveCfg = Debug|Any CPU
		{83A0C19C-B972-463A-A0F2-B5E90762112E}.Debug|Any CPU.Build.0 = Debug|Any CPU
		{83A0C19C-B972-463A-A0F2-B5E90762112E}.Debug|x64.ActiveCfg = Debug|Any CPU
		{83A0C19C-B972-463A-A0F2-B5E90762112E}.Debug|x64.Build.0 = Debug|Any CPU
		{83A0C19C-B972-463A-A0F2-B5E90762112E}.Release|Any CPU.ActiveCfg = Release|Any CPU
		{83A0C19C-B972-463A-A0F2-B5E90762112E}.Release|Any CPU.Build.0 = Release|Any CPU
		{83A0C19C-B972-463A-A0F2-B5E90762112E}.Release|x64.ActiveCfg = Release|Any CPU
		{83A0C19C-B972-463A-A0F2-B5E90762112E}.Release|x64.Build.0 = Release|Any CPU
		{C589CDD6-DF04-4227-A5CD-0CA2997B03B3}.Debug|Any CPU.ActiveCfg = Debug|Any CPU
		{C589CDD6-DF04-4227-A5CD-0CA2997B03B3}.Debug|Any CPU.Build.0 = Debug|Any CPU
		{C589CDD6-DF04-4227-A5CD-0CA2997B03B3}.Debug|x64.ActiveCfg = Debug|Any CPU
		{C589CDD6-DF04-4227-A5CD-0CA2997B03B3}.Debug|x64.Build.0 = Debug|Any CPU
		{C589CDD6-DF04-4227-A5CD-0CA2997B03B3}.Release|Any CPU.ActiveCfg = Release|Any CPU
		{C589CDD6-DF04-4227-A5CD-0CA2997B03B3}.Release|Any CPU.Build.0 = Release|Any CPU
		{C589CDD6-DF04-4227-A5CD-0CA2997B03B3}.Release|x64.ActiveCfg = Release|Any CPU
		{C589CDD6-DF04-4227-A5CD-0CA2997B03B3}.Release|x64.Build.0 = Release|Any CPU
		{F1977BE2-3AF8-488B-B3BF-9A82C84B8DD4}.Debug|Any CPU.ActiveCfg = Debug|Any CPU
		{F1977BE2-3AF8-488B-B3BF-9A82C84B8DD4}.Debug|Any CPU.Build.0 = Debug|Any CPU
		{F1977BE2-3AF8-488B-B3BF-9A82C84B8DD4}.Debug|x64.ActiveCfg = Debug|Any CPU
		{F1977BE2-3AF8-488B-B3BF-9A82C84B8DD4}.Debug|x64.Build.0 = Debug|Any CPU
		{F1977BE2-3AF8-488B-B3BF-9A82C84B8DD4}.Release|Any CPU.ActiveCfg = Release|Any CPU
		{F1977BE2-3AF8-488B-B3BF-9A82C84B8DD4}.Release|Any CPU.Build.0 = Release|Any CPU
		{F1977BE2-3AF8-488B-B3BF-9A82C84B8DD4}.Release|x64.ActiveCfg = Release|Any CPU
		{F1977BE2-3AF8-488B-B3BF-9A82C84B8DD4}.Release|x64.Build.0 = Release|Any CPU
		{4A5A444A-1060-4C28-980D-B90A65112574}.Debug|Any CPU.ActiveCfg = Debug|Any CPU
		{4A5A444A-1060-4C28-980D-B90A65112574}.Debug|Any CPU.Build.0 = Debug|Any CPU
		{4A5A444A-1060-4C28-980D-B90A65112574}.Debug|x64.ActiveCfg = Debug|Any CPU
		{4A5A444A-1060-4C28-980D-B90A65112574}.Debug|x64.Build.0 = Debug|Any CPU
		{4A5A444A-1060-4C28-980D-B90A65112574}.Release|Any CPU.ActiveCfg = Release|Any CPU
		{4A5A444A-1060-4C28-980D-B90A65112574}.Release|Any CPU.Build.0 = Release|Any CPU
		{4A5A444A-1060-4C28-980D-B90A65112574}.Release|x64.ActiveCfg = Release|Any CPU
		{4A5A444A-1060-4C28-980D-B90A65112574}.Release|x64.Build.0 = Release|Any CPU
		{6332BED1-0113-4215-BBB7-EF0CB43A1D33}.Debug|Any CPU.ActiveCfg = Debug|Any CPU
		{6332BED1-0113-4215-BBB7-EF0CB43A1D33}.Debug|Any CPU.Build.0 = Debug|Any CPU
		{6332BED1-0113-4215-BBB7-EF0CB43A1D33}.Debug|x64.ActiveCfg = Debug|Any CPU
		{6332BED1-0113-4215-BBB7-EF0CB43A1D33}.Debug|x64.Build.0 = Debug|Any CPU
		{6332BED1-0113-4215-BBB7-EF0CB43A1D33}.Release|Any CPU.ActiveCfg = Release|Any CPU
		{6332BED1-0113-4215-BBB7-EF0CB43A1D33}.Release|Any CPU.Build.0 = Release|Any CPU
		{6332BED1-0113-4215-BBB7-EF0CB43A1D33}.Release|x64.ActiveCfg = Release|Any CPU
		{6332BED1-0113-4215-BBB7-EF0CB43A1D33}.Release|x64.Build.0 = Release|Any CPU
		{0BB41DDD-2AFB-4817-A972-713A1DF54B16}.Debug|Any CPU.ActiveCfg = Debug|Any CPU
		{0BB41DDD-2AFB-4817-A972-713A1DF54B16}.Debug|Any CPU.Build.0 = Debug|Any CPU
		{0BB41DDD-2AFB-4817-A972-713A1DF54B16}.Debug|x64.ActiveCfg = Debug|Any CPU
		{0BB41DDD-2AFB-4817-A972-713A1DF54B16}.Debug|x64.Build.0 = Debug|Any CPU
		{0BB41DDD-2AFB-4817-A972-713A1DF54B16}.Release|Any CPU.ActiveCfg = Release|Any CPU
		{0BB41DDD-2AFB-4817-A972-713A1DF54B16}.Release|Any CPU.Build.0 = Release|Any CPU
		{0BB41DDD-2AFB-4817-A972-713A1DF54B16}.Release|x64.ActiveCfg = Release|Any CPU
		{0BB41DDD-2AFB-4817-A972-713A1DF54B16}.Release|x64.Build.0 = Release|Any CPU
		{26142294-CF11-4A6A-9434-3441C7A5E81D}.Debug|Any CPU.ActiveCfg = Debug|Any CPU
		{26142294-CF11-4A6A-9434-3441C7A5E81D}.Debug|Any CPU.Build.0 = Debug|Any CPU
		{26142294-CF11-4A6A-9434-3441C7A5E81D}.Debug|x64.ActiveCfg = Debug|Any CPU
		{26142294-CF11-4A6A-9434-3441C7A5E81D}.Debug|x64.Build.0 = Debug|Any CPU
		{26142294-CF11-4A6A-9434-3441C7A5E81D}.Release|Any CPU.ActiveCfg = Release|Any CPU
		{26142294-CF11-4A6A-9434-3441C7A5E81D}.Release|Any CPU.Build.0 = Release|Any CPU
		{26142294-CF11-4A6A-9434-3441C7A5E81D}.Release|x64.ActiveCfg = Release|Any CPU
		{26142294-CF11-4A6A-9434-3441C7A5E81D}.Release|x64.Build.0 = Release|Any CPU
		{8075DBE4-E969-40F2-BD70-8D40EFFDF7A1}.Debug|Any CPU.ActiveCfg = Debug|Any CPU
		{8075DBE4-E969-40F2-BD70-8D40EFFDF7A1}.Debug|Any CPU.Build.0 = Debug|Any CPU
		{8075DBE4-E969-40F2-BD70-8D40EFFDF7A1}.Debug|x64.ActiveCfg = Debug|Any CPU
		{8075DBE4-E969-40F2-BD70-8D40EFFDF7A1}.Debug|x64.Build.0 = Debug|Any CPU
		{8075DBE4-E969-40F2-BD70-8D40EFFDF7A1}.Release|Any CPU.ActiveCfg = Release|Any CPU
		{8075DBE4-E969-40F2-BD70-8D40EFFDF7A1}.Release|Any CPU.Build.0 = Release|Any CPU
		{8075DBE4-E969-40F2-BD70-8D40EFFDF7A1}.Release|x64.ActiveCfg = Release|Any CPU
		{8075DBE4-E969-40F2-BD70-8D40EFFDF7A1}.Release|x64.Build.0 = Release|Any CPU
		{539C0DB5-DCD6-4B7C-BDE1-3A308234DAA2}.Debug|Any CPU.ActiveCfg = Debug|Any CPU
		{539C0DB5-DCD6-4B7C-BDE1-3A308234DAA2}.Debug|Any CPU.Build.0 = Debug|Any CPU
		{539C0DB5-DCD6-4B7C-BDE1-3A308234DAA2}.Debug|x64.ActiveCfg = Debug|Any CPU
		{539C0DB5-DCD6-4B7C-BDE1-3A308234DAA2}.Debug|x64.Build.0 = Debug|Any CPU
		{539C0DB5-DCD6-4B7C-BDE1-3A308234DAA2}.Release|Any CPU.ActiveCfg = Release|Any CPU
		{539C0DB5-DCD6-4B7C-BDE1-3A308234DAA2}.Release|Any CPU.Build.0 = Release|Any CPU
		{539C0DB5-DCD6-4B7C-BDE1-3A308234DAA2}.Release|x64.ActiveCfg = Release|Any CPU
		{539C0DB5-DCD6-4B7C-BDE1-3A308234DAA2}.Release|x64.Build.0 = Release|Any CPU
	EndGlobalSection
	GlobalSection(SolutionProperties) = preSolution
		HideSolutionNode = FALSE
	EndGlobalSection
	GlobalSection(NestedProjects) = preSolution
		{B91971A4-220C-4403-BB49-21C55867F120} = {85A2DBEC-97E7-4565-8A7C-8B44935D7F3E}
		{68DBEB35-2187-495E-A2FD-37F6F35494D7} = {85A2DBEC-97E7-4565-8A7C-8B44935D7F3E}
		{FC5817E5-1486-41A6-8170-CE4DA970159A} = {F4278FBA-3185-4E7D-9C44-5A4453EA431A}
		{F41EFC6C-5299-477B-8301-65C1C8398D69} = {F4278FBA-3185-4E7D-9C44-5A4453EA431A}
		{C5A41587-5C4F-46A4-A4E9-97BDB0F24C13} = {88EF3CDC-60C9-4E45-ADE1-BB515480B011}
		{83A0C19C-B972-463A-A0F2-B5E90762112E} = {F4278FBA-3185-4E7D-9C44-5A4453EA431A}
		{C589CDD6-DF04-4227-A5CD-0CA2997B03B3} = {F4278FBA-3185-4E7D-9C44-5A4453EA431A}
		{F1977BE2-3AF8-488B-B3BF-9A82C84B8DD4} = {F4278FBA-3185-4E7D-9C44-5A4453EA431A}
		{4A5A444A-1060-4C28-980D-B90A65112574} = {88EF3CDC-60C9-4E45-ADE1-BB515480B011}
		{6332BED1-0113-4215-BBB7-EF0CB43A1D33} = {85A2DBEC-97E7-4565-8A7C-8B44935D7F3E}
		{0BB41DDD-2AFB-4817-A972-713A1DF54B16} = {85A2DBEC-97E7-4565-8A7C-8B44935D7F3E}
		{F4278FBA-3185-4E7D-9C44-5A4453EA431A} = {85A2DBEC-97E7-4565-8A7C-8B44935D7F3E}
		{26142294-CF11-4A6A-9434-3441C7A5E81D} = {85A2DBEC-97E7-4565-8A7C-8B44935D7F3E}
		{8075DBE4-E969-40F2-BD70-8D40EFFDF7A1} = {85A2DBEC-97E7-4565-8A7C-8B44935D7F3E}
		{539C0DB5-DCD6-4B7C-BDE1-3A308234DAA2} = {93DE27BC-DBA4-4FA9-AA54-495290961438}
		{88EF3CDC-60C9-4E45-ADE1-BB515480B011} = {85A2DBEC-97E7-4565-8A7C-8B44935D7F3E}
	EndGlobalSection
	GlobalSection(ExtensibilityGlobals) = postSolution
		SolutionGuid = {B7F09963-06DE-499A-B620-B6EFB2FB2BE5}
	EndGlobalSection
EndGlobal
