
Microsoft Visual Studio Solution File, Format Version 12.00
# Visual Studio Version 16
VisualStudioVersion = 16.0.29319.158
MinimumVisualStudioVersion = 10.0.40219.1
Project("{9A19103F-16F7-4668-BE54-9A1E7A4F7556}") = "Transfer.IGrains", "Transfer.IGrains\Transfer.IGrains.csproj", "{CDEF7C8A-C161-479F-9523-6E3F608E14A2}"
EndProject
Project("{9A19103F-16F7-4668-BE54-9A1E7A4F7556}") = "Transfer.Grains", "Transfer.Grains\Transfer.Grains.csproj", "{EA8C804E-D58F-491C-8B94-A2550FE63529}"
EndProject
Project("{9A19103F-16F7-4668-BE54-9A1E7A4F7556}") = "Transfer.Server", "Transfer.Server\Transfer.Server.csproj", "{192F50F8-19F3-4875-83DF-5D2A2519B9AA}"
EndProject
Project("{9A19103F-16F7-4668-BE54-9A1E7A4F7556}") = "Transfer.Client", "Transfer.Client\Transfer.Client.csproj", "{6A69A94B-2994-4A8B-9000-6358A5559322}"
EndProject
Project("{2150E333-8FDC-42A3-9474-1A3956D46DE8}") = "src", "src", "{0D2E1AB9-E763-4EE1-9ECF-EBE06BC6AF32}"
EndProject
Project("{9A19103F-16F7-4668-BE54-9A1E7A4F7556}") = "Ray.Core.Abstractions", "..\..\src\Ray.Core.Abstractions\Ray.Core.Abstractions.csproj", "{664443F7-BC80-4640-B02B-529001FE4439}"
EndProject
Project("{9A19103F-16F7-4668-BE54-9A1E7A4F7556}") = "Ray.Core", "..\..\src\Ray.Core\Ray.Core.csproj", "{B4ACE8E2-87BD-4C2D-9F01-A6C3CF413740}"
EndProject
Project("{9A19103F-16F7-4668-BE54-9A1E7A4F7556}") = "Ray.EventBus.Kafka", "..\..\src\Ray.EventBus.Kafka\Ray.EventBus.Kafka.csproj", "{4498979B-E896-4E23-9CE5-B61FFFF547BD}"
EndProject
Project("{9A19103F-16F7-4668-BE54-9A1E7A4F7556}") = "Ray.EventBus.RabbitMQ", "..\..\src\Ray.EventBus.RabbitMQ\Ray.EventBus.RabbitMQ.csproj", "{24205AEA-C0B5-4913-8B31-F1104122FD01}"
EndProject
Project("{9A19103F-16F7-4668-BE54-9A1E7A4F7556}") = "Ray.Storage.PostgreSQL", "..\..\src\Ray.Storage.PostgreSQL\Ray.Storage.PostgreSQL.csproj", "{59CA404A-8639-4645-977D-BF5CE60C4D65}"
EndProject
Project("{9A19103F-16F7-4668-BE54-9A1E7A4F7556}") = "Ray.Storage.SQLCore", "..\..\src\Ray.Storage.SQLCore\Ray.Storage.SQLCore.csproj", "{D1B68D48-BB6E-4E2C-A140-351AD544F3FD}"
EndProject
Project("{9A19103F-16F7-4668-BE54-9A1E7A4F7556}") = "Ray.Storage.SQLServer", "..\..\src\Ray.Storage.SQLServer\Ray.Storage.SQLServer.csproj", "{70268C95-9705-48EE-B374-91AC364574D2}"
EndProject
Project("{9A19103F-16F7-4668-BE54-9A1E7A4F7556}") = "Ray.Storage.MySQL", "..\..\src\Ray.Storage.MySQL\Ray.Storage.MySQL.csproj", "{17C64B0D-1530-416E-9FBD-583A590B92EA}"
EndProject
Project("{9A19103F-16F7-4668-BE54-9A1E7A4F7556}") = "Ray.Storage.Mongo", "..\..\src\Ray.Storage.Mongo\Ray.Storage.Mongo.csproj", "{5C7C3C24-8EF0-4A4A-AEA1-AB690583CBB4}"
EndProject
Project("{9A19103F-16F7-4668-BE54-9A1E7A4F7556}") = "Ray.DistributedTx.Abstractions", "..\..\src\Ray.DistributedTx.Abstractions\Ray.DistributedTx.Abstractions.csproj", "{DB83EFA1-6384-4A58-A12A-68168947013C}"
EndProject
Project("{9A19103F-16F7-4668-BE54-9A1E7A4F7556}") = "Ray.DistributedTx", "..\..\src\Ray.DistributedTx\Ray.DistributedTx.csproj", "{5506C8C7-80E0-4702-B434-8BB9EBAFA0C3}"
EndProject
Global
	GlobalSection(SolutionConfigurationPlatforms) = preSolution
		Debug|Any CPU = Debug|Any CPU
		Release|Any CPU = Release|Any CPU
	EndGlobalSection
	GlobalSection(ProjectConfigurationPlatforms) = postSolution
		{CDEF7C8A-C161-479F-9523-6E3F608E14A2}.Debug|Any CPU.ActiveCfg = Debug|Any CPU
		{CDEF7C8A-C161-479F-9523-6E3F608E14A2}.Debug|Any CPU.Build.0 = Debug|Any CPU
		{CDEF7C8A-C161-479F-9523-6E3F608E14A2}.Release|Any CPU.ActiveCfg = Release|Any CPU
		{CDEF7C8A-C161-479F-9523-6E3F608E14A2}.Release|Any CPU.Build.0 = Release|Any CPU
		{EA8C804E-D58F-491C-8B94-A2550FE63529}.Debug|Any CPU.ActiveCfg = Debug|Any CPU
		{EA8C804E-D58F-491C-8B94-A2550FE63529}.Debug|Any CPU.Build.0 = Debug|Any CPU
		{EA8C804E-D58F-491C-8B94-A2550FE63529}.Release|Any CPU.ActiveCfg = Release|Any CPU
		{EA8C804E-D58F-491C-8B94-A2550FE63529}.Release|Any CPU.Build.0 = Release|Any CPU
		{192F50F8-19F3-4875-83DF-5D2A2519B9AA}.Debug|Any CPU.ActiveCfg = Debug|Any CPU
		{192F50F8-19F3-4875-83DF-5D2A2519B9AA}.Debug|Any CPU.Build.0 = Debug|Any CPU
		{192F50F8-19F3-4875-83DF-5D2A2519B9AA}.Release|Any CPU.ActiveCfg = Release|Any CPU
		{192F50F8-19F3-4875-83DF-5D2A2519B9AA}.Release|Any CPU.Build.0 = Release|Any CPU
		{6A69A94B-2994-4A8B-9000-6358A5559322}.Debug|Any CPU.ActiveCfg = Debug|Any CPU
		{6A69A94B-2994-4A8B-9000-6358A5559322}.Debug|Any CPU.Build.0 = Debug|Any CPU
		{6A69A94B-2994-4A8B-9000-6358A5559322}.Release|Any CPU.ActiveCfg = Release|Any CPU
		{6A69A94B-2994-4A8B-9000-6358A5559322}.Release|Any CPU.Build.0 = Release|Any CPU
		{664443F7-BC80-4640-B02B-529001FE4439}.Debug|Any CPU.ActiveCfg = Debug|Any CPU
		{664443F7-BC80-4640-B02B-529001FE4439}.Debug|Any CPU.Build.0 = Debug|Any CPU
		{664443F7-BC80-4640-B02B-529001FE4439}.Release|Any CPU.ActiveCfg = Release|Any CPU
		{664443F7-BC80-4640-B02B-529001FE4439}.Release|Any CPU.Build.0 = Release|Any CPU
		{B4ACE8E2-87BD-4C2D-9F01-A6C3CF413740}.Debug|Any CPU.ActiveCfg = Debug|Any CPU
		{B4ACE8E2-87BD-4C2D-9F01-A6C3CF413740}.Debug|Any CPU.Build.0 = Debug|Any CPU
		{B4ACE8E2-87BD-4C2D-9F01-A6C3CF413740}.Release|Any CPU.ActiveCfg = Release|Any CPU
		{B4ACE8E2-87BD-4C2D-9F01-A6C3CF413740}.Release|Any CPU.Build.0 = Release|Any CPU
		{4498979B-E896-4E23-9CE5-B61FFFF547BD}.Debug|Any CPU.ActiveCfg = Debug|Any CPU
		{4498979B-E896-4E23-9CE5-B61FFFF547BD}.Debug|Any CPU.Build.0 = Debug|Any CPU
		{4498979B-E896-4E23-9CE5-B61FFFF547BD}.Release|Any CPU.ActiveCfg = Release|Any CPU
		{4498979B-E896-4E23-9CE5-B61FFFF547BD}.Release|Any CPU.Build.0 = Release|Any CPU
		{24205AEA-C0B5-4913-8B31-F1104122FD01}.Debug|Any CPU.ActiveCfg = Debug|Any CPU
		{24205AEA-C0B5-4913-8B31-F1104122FD01}.Debug|Any CPU.Build.0 = Debug|Any CPU
		{24205AEA-C0B5-4913-8B31-F1104122FD01}.Release|Any CPU.ActiveCfg = Release|Any CPU
		{24205AEA-C0B5-4913-8B31-F1104122FD01}.Release|Any CPU.Build.0 = Release|Any CPU
		{59CA404A-8639-4645-977D-BF5CE60C4D65}.Debug|Any CPU.ActiveCfg = Debug|Any CPU
		{59CA404A-8639-4645-977D-BF5CE60C4D65}.Debug|Any CPU.Build.0 = Debug|Any CPU
		{59CA404A-8639-4645-977D-BF5CE60C4D65}.Release|Any CPU.ActiveCfg = Release|Any CPU
		{59CA404A-8639-4645-977D-BF5CE60C4D65}.Release|Any CPU.Build.0 = Release|Any CPU
		{D1B68D48-BB6E-4E2C-A140-351AD544F3FD}.Debug|Any CPU.ActiveCfg = Debug|Any CPU
		{D1B68D48-BB6E-4E2C-A140-351AD544F3FD}.Debug|Any CPU.Build.0 = Debug|Any CPU
		{D1B68D48-BB6E-4E2C-A140-351AD544F3FD}.Release|Any CPU.ActiveCfg = Release|Any CPU
		{D1B68D48-BB6E-4E2C-A140-351AD544F3FD}.Release|Any CPU.Build.0 = Release|Any CPU
		{70268C95-9705-48EE-B374-91AC364574D2}.Debug|Any CPU.ActiveCfg = Debug|Any CPU
		{70268C95-9705-48EE-B374-91AC364574D2}.Debug|Any CPU.Build.0 = Debug|Any CPU
		{70268C95-9705-48EE-B374-91AC364574D2}.Release|Any CPU.ActiveCfg = Release|Any CPU
		{70268C95-9705-48EE-B374-91AC364574D2}.Release|Any CPU.Build.0 = Release|Any CPU
		{17C64B0D-1530-416E-9FBD-583A590B92EA}.Debug|Any CPU.ActiveCfg = Debug|Any CPU
		{17C64B0D-1530-416E-9FBD-583A590B92EA}.Debug|Any CPU.Build.0 = Debug|Any CPU
		{17C64B0D-1530-416E-9FBD-583A590B92EA}.Release|Any CPU.ActiveCfg = Release|Any CPU
		{17C64B0D-1530-416E-9FBD-583A590B92EA}.Release|Any CPU.Build.0 = Release|Any CPU
		{5C7C3C24-8EF0-4A4A-AEA1-AB690583CBB4}.Debug|Any CPU.ActiveCfg = Debug|Any CPU
		{5C7C3C24-8EF0-4A4A-AEA1-AB690583CBB4}.Debug|Any CPU.Build.0 = Debug|Any CPU
		{5C7C3C24-8EF0-4A4A-AEA1-AB690583CBB4}.Release|Any CPU.ActiveCfg = Release|Any CPU
		{5C7C3C24-8EF0-4A4A-AEA1-AB690583CBB4}.Release|Any CPU.Build.0 = Release|Any CPU
		{DB83EFA1-6384-4A58-A12A-68168947013C}.Debug|Any CPU.ActiveCfg = Debug|Any CPU
		{DB83EFA1-6384-4A58-A12A-68168947013C}.Debug|Any CPU.Build.0 = Debug|Any CPU
		{DB83EFA1-6384-4A58-A12A-68168947013C}.Release|Any CPU.ActiveCfg = Release|Any CPU
		{DB83EFA1-6384-4A58-A12A-68168947013C}.Release|Any CPU.Build.0 = Release|Any CPU
		{5506C8C7-80E0-4702-B434-8BB9EBAFA0C3}.Debug|Any CPU.ActiveCfg = Debug|Any CPU
		{5506C8C7-80E0-4702-B434-8BB9EBAFA0C3}.Debug|Any CPU.Build.0 = Debug|Any CPU
		{5506C8C7-80E0-4702-B434-8BB9EBAFA0C3}.Release|Any CPU.ActiveCfg = Release|Any CPU
		{5506C8C7-80E0-4702-B434-8BB9EBAFA0C3}.Release|Any CPU.Build.0 = Release|Any CPU
	EndGlobalSection
	GlobalSection(SolutionProperties) = preSolution
		HideSolutionNode = FALSE
	EndGlobalSection
	GlobalSection(NestedProjects) = preSolution
		{664443F7-BC80-4640-B02B-529001FE4439} = {0D2E1AB9-E763-4EE1-9ECF-EBE06BC6AF32}
		{B4ACE8E2-87BD-4C2D-9F01-A6C3CF413740} = {0D2E1AB9-E763-4EE1-9ECF-EBE06BC6AF32}
		{4498979B-E896-4E23-9CE5-B61FFFF547BD} = {0D2E1AB9-E763-4EE1-9ECF-EBE06BC6AF32}
		{24205AEA-C0B5-4913-8B31-F1104122FD01} = {0D2E1AB9-E763-4EE1-9ECF-EBE06BC6AF32}
		{59CA404A-8639-4645-977D-BF5CE60C4D65} = {0D2E1AB9-E763-4EE1-9ECF-EBE06BC6AF32}
		{D1B68D48-BB6E-4E2C-A140-351AD544F3FD} = {0D2E1AB9-E763-4EE1-9ECF-EBE06BC6AF32}
		{70268C95-9705-48EE-B374-91AC364574D2} = {0D2E1AB9-E763-4EE1-9ECF-EBE06BC6AF32}
		{17C64B0D-1530-416E-9FBD-583A590B92EA} = {0D2E1AB9-E763-4EE1-9ECF-EBE06BC6AF32}
		{5C7C3C24-8EF0-4A4A-AEA1-AB690583CBB4} = {0D2E1AB9-E763-4EE1-9ECF-EBE06BC6AF32}
		{DB83EFA1-6384-4A58-A12A-68168947013C} = {0D2E1AB9-E763-4EE1-9ECF-EBE06BC6AF32}
		{5506C8C7-80E0-4702-B434-8BB9EBAFA0C3} = {0D2E1AB9-E763-4EE1-9ECF-EBE06BC6AF32}
	EndGlobalSection
	GlobalSection(ExtensibilityGlobals) = postSolution
		SolutionGuid = {B5CB7ABA-F29B-4F0C-A732-9F2C0B475DA6}
	EndGlobalSection
EndGlobal
