
Microsoft Visual Studio Solution File, Format Version 12.00
# Visual Studio Version 16
VisualStudioVersion = 16.0.29319.158
MinimumVisualStudioVersion = 10.0.40219.1
Project("{9A19103F-16F7-4668-BE54-9A1E7A4F7556}") = "Transfer.IGrains", "Transfer.IGrains\Transfer.IGrains.csproj", "{CDEF7C8A-C161-479F-9523-6E3F608E14A2}"
EndProject
Project("{9A19103F-16F7-4668-BE54-9A1E7A4F7556}") = "Transfer.Grains", "Transfer.Grains\Transfer.Grains.csproj", "{EA8C804E-D58F-491C-8B94-A2550FE63529}"
EndProject
Project("{9A19103F-16F7-4668-BE54-9A1E7A4F7556}") = "Transfer.Server", "Transfer.Server\Transfer.Server.csproj", "{192F50F8-19F3-4875-83DF-5D2A2519B9AA}"
EndProject
Project("{9A19103F-16F7-4668-BE54-9A1E7A4F7556}") = "Transfer.Client", "Transfer.Client\Transfer.Client.csproj", "{6A69A94B-2994-4A8B-9000-6358A5559322}"
EndProject
Project("{2150E333-8FDC-42A3-9474-1A3956D46DE8}") = "src", "src", "{734571B5-E69E-41FD-B6C0-8DDB8EF23DF4}"
EndProject
Project("{9A19103F-16F7-4668-BE54-9A1E7A4F7556}") = "Ray.Core.Abstractions", "..\..\src\Ray.Core.Abstractions\Ray.Core.Abstractions.csproj", "{8529DBCE-ADAA-42A9-A6F3-29DFDC7E4C06}"
EndProject
Project("{9A19103F-16F7-4668-BE54-9A1E7A4F7556}") = "Ray.Core", "..\..\src\Ray.Core\Ray.Core.csproj", "{A4BE62CB-8161-426D-A1F9-F794D830481E}"
EndProject
Project("{9A19103F-16F7-4668-BE54-9A1E7A4F7556}") = "Ray.DistributedTx.Abstractions", "..\..\src\Ray.DistributedTx.Abstractions\Ray.DistributedTx.Abstractions.csproj", "{554F9476-3A16-42AB-9DDD-BE236F019609}"
EndProject
Project("{9A19103F-16F7-4668-BE54-9A1E7A4F7556}") = "Ray.DistributedTx", "..\..\src\Ray.DistributedTx\Ray.DistributedTx.csproj", "{BA1C8DE6-0817-4037-A03F-03463C733E18}"
EndProject
Project("{9A19103F-16F7-4668-BE54-9A1E7A4F7556}") = "Ray.Storage.SQLCore", "..\..\src\Ray.Storage.SQLCore\Ray.Storage.SQLCore.csproj", "{4CB36822-B456-4A8A-8558-FC208CCC22DD}"
EndProject
Project("{9A19103F-16F7-4668-BE54-9A1E7A4F7556}") = "Ray.EventBus.Kafka", "..\..\src\Ray.EventBus.Kafka\Ray.EventBus.Kafka.csproj", "{20D13FAC-8A64-498A-AF46-7BDFA283B319}"
EndProject
Project("{9A19103F-16F7-4668-BE54-9A1E7A4F7556}") = "Ray.EventBus.RabbitMQ", "..\..\src\Ray.EventBus.RabbitMQ\Ray.EventBus.RabbitMQ.csproj", "{AF76A607-5301-469E-9A64-3EAEB5130247}"
EndProject
Project("{9A19103F-16F7-4668-BE54-9A1E7A4F7556}") = "Ray.Storage.SQLServer", "..\..\src\Ray.Storage.SQLServer\Ray.Storage.SQLServer.csproj", "{69B2FCFF-040F-47BC-9941-B41346F136DB}"
EndProject
Project("{9A19103F-16F7-4668-BE54-9A1E7A4F7556}") = "Ray.Storage.PostgreSQL", "..\..\src\Ray.Storage.PostgreSQL\Ray.Storage.PostgreSQL.csproj", "{A7BCED58-E8BA-4429-B0D8-D45829AC76CF}"
EndProject
Project("{9A19103F-16F7-4668-BE54-9A1E7A4F7556}") = "Ray.Storage.MySQL", "..\..\src\Ray.Storage.MySQL\Ray.Storage.MySQL.csproj", "{0949A47A-136B-48F0-A924-4BD1BD3F920F}"
EndProject
Project("{9A19103F-16F7-4668-BE54-9A1E7A4F7556}") = "Ray.Storage.Mongo", "..\..\src\Ray.Storage.Mongo\Ray.Storage.Mongo.csproj", "{119D5A6F-04A0-4481-A1E9-0B301E3FE56A}"
EndProject
Global
	GlobalSection(SolutionConfigurationPlatforms) = preSolution
		Debug|Any CPU = Debug|Any CPU
		Release|Any CPU = Release|Any CPU
	EndGlobalSection
	GlobalSection(ProjectConfigurationPlatforms) = postSolution
		{CDEF7C8A-C161-479F-9523-6E3F608E14A2}.Debug|Any CPU.ActiveCfg = Debug|Any CPU
		{CDEF7C8A-C161-479F-9523-6E3F608E14A2}.Debug|Any CPU.Build.0 = Debug|Any CPU
		{CDEF7C8A-C161-479F-9523-6E3F608E14A2}.Release|Any CPU.ActiveCfg = Release|Any CPU
		{CDEF7C8A-C161-479F-9523-6E3F608E14A2}.Release|Any CPU.Build.0 = Release|Any CPU
		{EA8C804E-D58F-491C-8B94-A2550FE63529}.Debug|Any CPU.ActiveCfg = Debug|Any CPU
		{EA8C804E-D58F-491C-8B94-A2550FE63529}.Debug|Any CPU.Build.0 = Debug|Any CPU
		{EA8C804E-D58F-491C-8B94-A2550FE63529}.Release|Any CPU.ActiveCfg = Release|Any CPU
		{EA8C804E-D58F-491C-8B94-A2550FE63529}.Release|Any CPU.Build.0 = Release|Any CPU
		{192F50F8-19F3-4875-83DF-5D2A2519B9AA}.Debug|Any CPU.ActiveCfg = Debug|Any CPU
		{192F50F8-19F3-4875-83DF-5D2A2519B9AA}.Debug|Any CPU.Build.0 = Debug|Any CPU
		{192F50F8-19F3-4875-83DF-5D2A2519B9AA}.Release|Any CPU.ActiveCfg = Release|Any CPU
		{192F50F8-19F3-4875-83DF-5D2A2519B9AA}.Release|Any CPU.Build.0 = Release|Any CPU
		{6A69A94B-2994-4A8B-9000-6358A5559322}.Debug|Any CPU.ActiveCfg = Debug|Any CPU
		{6A69A94B-2994-4A8B-9000-6358A5559322}.Debug|Any CPU.Build.0 = Debug|Any CPU
		{6A69A94B-2994-4A8B-9000-6358A5559322}.Release|Any CPU.ActiveCfg = Release|Any CPU
		{6A69A94B-2994-4A8B-9000-6358A5559322}.Release|Any CPU.Build.0 = Release|Any CPU
		{8529DBCE-ADAA-42A9-A6F3-29DFDC7E4C06}.Debug|Any CPU.ActiveCfg = Debug|Any CPU
		{8529DBCE-ADAA-42A9-A6F3-29DFDC7E4C06}.Debug|Any CPU.Build.0 = Debug|Any CPU
		{8529DBCE-ADAA-42A9-A6F3-29DFDC7E4C06}.Release|Any CPU.ActiveCfg = Release|Any CPU
		{8529DBCE-ADAA-42A9-A6F3-29DFDC7E4C06}.Release|Any CPU.Build.0 = Release|Any CPU
		{A4BE62CB-8161-426D-A1F9-F794D830481E}.Debug|Any CPU.ActiveCfg = Debug|Any CPU
		{A4BE62CB-8161-426D-A1F9-F794D830481E}.Debug|Any CPU.Build.0 = Debug|Any CPU
		{A4BE62CB-8161-426D-A1F9-F794D830481E}.Release|Any CPU.ActiveCfg = Release|Any CPU
		{A4BE62CB-8161-426D-A1F9-F794D830481E}.Release|Any CPU.Build.0 = Release|Any CPU
		{554F9476-3A16-42AB-9DDD-BE236F019609}.Debug|Any CPU.ActiveCfg = Debug|Any CPU
		{554F9476-3A16-42AB-9DDD-BE236F019609}.Debug|Any CPU.Build.0 = Debug|Any CPU
		{554F9476-3A16-42AB-9DDD-BE236F019609}.Release|Any CPU.ActiveCfg = Release|Any CPU
		{554F9476-3A16-42AB-9DDD-BE236F019609}.Release|Any CPU.Build.0 = Release|Any CPU
		{BA1C8DE6-0817-4037-A03F-03463C733E18}.Debug|Any CPU.ActiveCfg = Debug|Any CPU
		{BA1C8DE6-0817-4037-A03F-03463C733E18}.Debug|Any CPU.Build.0 = Debug|Any CPU
		{BA1C8DE6-0817-4037-A03F-03463C733E18}.Release|Any CPU.ActiveCfg = Release|Any CPU
		{BA1C8DE6-0817-4037-A03F-03463C733E18}.Release|Any CPU.Build.0 = Release|Any CPU
		{4CB36822-B456-4A8A-8558-FC208CCC22DD}.Debug|Any CPU.ActiveCfg = Debug|Any CPU
		{4CB36822-B456-4A8A-8558-FC208CCC22DD}.Debug|Any CPU.Build.0 = Debug|Any CPU
		{4CB36822-B456-4A8A-8558-FC208CCC22DD}.Release|Any CPU.ActiveCfg = Release|Any CPU
		{4CB36822-B456-4A8A-8558-FC208CCC22DD}.Release|Any CPU.Build.0 = Release|Any CPU
		{20D13FAC-8A64-498A-AF46-7BDFA283B319}.Debug|Any CPU.ActiveCfg = Debug|Any CPU
		{20D13FAC-8A64-498A-AF46-7BDFA283B319}.Debug|Any CPU.Build.0 = Debug|Any CPU
		{20D13FAC-8A64-498A-AF46-7BDFA283B319}.Release|Any CPU.ActiveCfg = Release|Any CPU
		{20D13FAC-8A64-498A-AF46-7BDFA283B319}.Release|Any CPU.Build.0 = Release|Any CPU
		{AF76A607-5301-469E-9A64-3EAEB5130247}.Debug|Any CPU.ActiveCfg = Debug|Any CPU
		{AF76A607-5301-469E-9A64-3EAEB5130247}.Debug|Any CPU.Build.0 = Debug|Any CPU
		{AF76A607-5301-469E-9A64-3EAEB5130247}.Release|Any CPU.ActiveCfg = Release|Any CPU
		{AF76A607-5301-469E-9A64-3EAEB5130247}.Release|Any CPU.Build.0 = Release|Any CPU
		{69B2FCFF-040F-47BC-9941-B41346F136DB}.Debug|Any CPU.ActiveCfg = Debug|Any CPU
		{69B2FCFF-040F-47BC-9941-B41346F136DB}.Debug|Any CPU.Build.0 = Debug|Any CPU
		{69B2FCFF-040F-47BC-9941-B41346F136DB}.Release|Any CPU.ActiveCfg = Release|Any CPU
		{69B2FCFF-040F-47BC-9941-B41346F136DB}.Release|Any CPU.Build.0 = Release|Any CPU
		{A7BCED58-E8BA-4429-B0D8-D45829AC76CF}.Debug|Any CPU.ActiveCfg = Debug|Any CPU
		{A7BCED58-E8BA-4429-B0D8-D45829AC76CF}.Debug|Any CPU.Build.0 = Debug|Any CPU
		{A7BCED58-E8BA-4429-B0D8-D45829AC76CF}.Release|Any CPU.ActiveCfg = Release|Any CPU
		{A7BCED58-E8BA-4429-B0D8-D45829AC76CF}.Release|Any CPU.Build.0 = Release|Any CPU
		{0949A47A-136B-48F0-A924-4BD1BD3F920F}.Debug|Any CPU.ActiveCfg = Debug|Any CPU
		{0949A47A-136B-48F0-A924-4BD1BD3F920F}.Debug|Any CPU.Build.0 = Debug|Any CPU
		{0949A47A-136B-48F0-A924-4BD1BD3F920F}.Release|Any CPU.ActiveCfg = Release|Any CPU
		{0949A47A-136B-48F0-A924-4BD1BD3F920F}.Release|Any CPU.Build.0 = Release|Any CPU
		{119D5A6F-04A0-4481-A1E9-0B301E3FE56A}.Debug|Any CPU.ActiveCfg = Debug|Any CPU
		{119D5A6F-04A0-4481-A1E9-0B301E3FE56A}.Debug|Any CPU.Build.0 = Debug|Any CPU
		{119D5A6F-04A0-4481-A1E9-0B301E3FE56A}.Release|Any CPU.ActiveCfg = Release|Any CPU
		{119D5A6F-04A0-4481-A1E9-0B301E3FE56A}.Release|Any CPU.Build.0 = Release|Any CPU
	EndGlobalSection
	GlobalSection(SolutionProperties) = preSolution
		HideSolutionNode = FALSE
	EndGlobalSection
	GlobalSection(NestedProjects) = preSolution
		{8529DBCE-ADAA-42A9-A6F3-29DFDC7E4C06} = {734571B5-E69E-41FD-B6C0-8DDB8EF23DF4}
		{A4BE62CB-8161-426D-A1F9-F794D830481E} = {734571B5-E69E-41FD-B6C0-8DDB8EF23DF4}
		{554F9476-3A16-42AB-9DDD-BE236F019609} = {734571B5-E69E-41FD-B6C0-8DDB8EF23DF4}
		{BA1C8DE6-0817-4037-A03F-03463C733E18} = {734571B5-E69E-41FD-B6C0-8DDB8EF23DF4}
		{4CB36822-B456-4A8A-8558-FC208CCC22DD} = {734571B5-E69E-41FD-B6C0-8DDB8EF23DF4}
		{20D13FAC-8A64-498A-AF46-7BDFA283B319} = {734571B5-E69E-41FD-B6C0-8DDB8EF23DF4}
		{AF76A607-5301-469E-9A64-3EAEB5130247} = {734571B5-E69E-41FD-B6C0-8DDB8EF23DF4}
		{69B2FCFF-040F-47BC-9941-B41346F136DB} = {734571B5-E69E-41FD-B6C0-8DDB8EF23DF4}
		{A7BCED58-E8BA-4429-B0D8-D45829AC76CF} = {734571B5-E69E-41FD-B6C0-8DDB8EF23DF4}
		{0949A47A-136B-48F0-A924-4BD1BD3F920F} = {734571B5-E69E-41FD-B6C0-8DDB8EF23DF4}
		{119D5A6F-04A0-4481-A1E9-0B301E3FE56A} = {734571B5-E69E-41FD-B6C0-8DDB8EF23DF4}
	EndGlobalSection
	GlobalSection(ExtensibilityGlobals) = postSolution
		SolutionGuid = {B5CB7ABA-F29B-4F0C-A732-9F2C0B475DA6}
	EndGlobalSection
EndGlobal
