
Microsoft Visual Studio Solution File, Format Version 12.00
# Visual Studio Version 16
VisualStudioVersion = 16.0.29319.158
MinimumVisualStudioVersion = 10.0.40219.1
Project("{9A19103F-16F7-4668-BE54-9A1E7A4F7556}") = "ConcurrentTransfer.IGrains", "ConcurrentTransfer.IGrains\ConcurrentTransfer.IGrains.csproj", "{CDEF7C8A-C161-479F-9523-6E3F608E14A2}"
EndProject
Project("{9A19103F-16F7-4668-BE54-9A1E7A4F7556}") = "ConcurrentTransfer.Grains", "ConcurrentTransfer.Grains\ConcurrentTransfer.Grains.csproj", "{EA8C804E-D58F-491C-8B94-A2550FE63529}"
EndProject
Project("{9A19103F-16F7-4668-BE54-9A1E7A4F7556}") = "ConcurrentTransfer.Server", "ConcurrentTransfer.Server\ConcurrentTransfer.Server.csproj", "{192F50F8-19F3-4875-83DF-5D2A2519B9AA}"
EndProject
Project("{9A19103F-16F7-4668-BE54-9A1E7A4F7556}") = "ConcurrentTransfer.Client", "ConcurrentTransfer.Client\ConcurrentTransfer.Client.csproj", "{6A69A94B-2994-4A8B-9000-6358A5559322}"
EndProject
Project("{2150E333-8FDC-42A3-9474-1A3956D46DE8}") = "src", "src", "{308D68EA-7D30-42E5-AEB4-2372F1473EF7}"
EndProject
Project("{9A19103F-16F7-4668-BE54-9A1E7A4F7556}") = "Ray.Core.Abstractions", "..\..\src\Ray.Core.Abstractions\Ray.Core.Abstractions.csproj", "{C4C826FD-AAB6-4DD2-BF2F-768250F37ED0}"
EndProject
Project("{9A19103F-16F7-4668-BE54-9A1E7A4F7556}") = "Ray.Core", "..\..\src\Ray.Core\Ray.Core.csproj", "{DF3B3141-799F-4FD7-B830-4B69BB39D246}"
EndProject
Project("{9A19103F-16F7-4668-BE54-9A1E7A4F7556}") = "Ray.DistributedTx.Abstractions", "..\..\src\Ray.DistributedTx.Abstractions\Ray.DistributedTx.Abstractions.csproj", "{E5DF1285-A0F1-4795-AF2A-7BF0BCBF8EE3}"
EndProject
Project("{9A19103F-16F7-4668-BE54-9A1E7A4F7556}") = "Ray.DistributedTx", "..\..\src\Ray.DistributedTx\Ray.DistributedTx.csproj", "{6D965DD0-65C4-4FE5-AD7E-B4365DB54BF8}"
EndProject
Project("{9A19103F-16F7-4668-BE54-9A1E7A4F7556}") = "Ray.EventBus.Kafka", "..\..\src\Ray.EventBus.Kafka\Ray.EventBus.Kafka.csproj", "{BF58DB14-C13B-495B-960F-E93D7A422183}"
EndProject
Project("{9A19103F-16F7-4668-BE54-9A1E7A4F7556}") = "Ray.EventBus.RabbitMQ", "..\..\src\Ray.EventBus.RabbitMQ\Ray.EventBus.RabbitMQ.csproj", "{53F577F9-668B-4B43-8E2B-6AF033FC300D}"
EndProject
Project("{9A19103F-16F7-4668-BE54-9A1E7A4F7556}") = "Ray.Storage.SQLCore", "..\..\src\Ray.Storage.SQLCore\Ray.Storage.SQLCore.csproj", "{F25A5FF1-BA02-49EF-BE92-A9B91A24D57B}"
EndProject
Project("{9A19103F-16F7-4668-BE54-9A1E7A4F7556}") = "Ray.Storage.SQLServer", "..\..\src\Ray.Storage.SQLServer\Ray.Storage.SQLServer.csproj", "{F18D529D-31F6-4456-A1B6-CC69381A472E}"
EndProject
Project("{9A19103F-16F7-4668-BE54-9A1E7A4F7556}") = "Ray.Storage.PostgreSQL", "..\..\src\Ray.Storage.PostgreSQL\Ray.Storage.PostgreSQL.csproj", "{C8187FED-CF5D-4209-B28C-43060321DFCF}"
EndProject
Project("{9A19103F-16F7-4668-BE54-9A1E7A4F7556}") = "Ray.Storage.MySQL", "..\..\src\Ray.Storage.MySQL\Ray.Storage.MySQL.csproj", "{35A5386E-19B1-4FEA-8288-E4EE1E6711D7}"
EndProject
Project("{9A19103F-16F7-4668-BE54-9A1E7A4F7556}") = "Ray.Storage.Mongo", "..\..\src\Ray.Storage.Mongo\Ray.Storage.Mongo.csproj", "{641808E5-8B2B-46A6-9C0B-EA66AFC52F64}"
EndProject
Project("{2150E333-8FDC-42A3-9474-1A3956D46DE8}") = "Storage", "Storage", "{3CE176D4-DF89-45E6-AF92-20EEBE787982}"
EndProject
Project("{2150E333-8FDC-42A3-9474-1A3956D46DE8}") = "Metric", "Metric", "{F97D2D44-B712-4E7E-B914-994CBC885099}"
EndProject
Project("{9A19103F-16F7-4668-BE54-9A1E7A4F7556}") = "Ray.Metric.Core", "..\..\src\Ray.Metric.Core\Ray.Metric.Core.csproj", "{D23EA7A2-A1B7-4B70-A81A-29159C3E6078}"
EndProject
Project("{9A19103F-16F7-4668-BE54-9A1E7A4F7556}") = "Ray.Metric.Prometheus", "..\..\src\Ray.Metric.Prometheus\Ray.Metric.Prometheus.csproj", "{06634C9F-8723-4FA0-ACD0-7433980447F5}"
EndProject
Global
	GlobalSection(SolutionConfigurationPlatforms) = preSolution
		Debug|Any CPU = Debug|Any CPU
		Release|Any CPU = Release|Any CPU
	EndGlobalSection
	GlobalSection(ProjectConfigurationPlatforms) = postSolution
		{CDEF7C8A-C161-479F-9523-6E3F608E14A2}.Debug|Any CPU.ActiveCfg = Debug|Any CPU
		{CDEF7C8A-C161-479F-9523-6E3F608E14A2}.Debug|Any CPU.Build.0 = Debug|Any CPU
		{CDEF7C8A-C161-479F-9523-6E3F608E14A2}.Release|Any CPU.ActiveCfg = Release|Any CPU
		{CDEF7C8A-C161-479F-9523-6E3F608E14A2}.Release|Any CPU.Build.0 = Release|Any CPU
		{EA8C804E-D58F-491C-8B94-A2550FE63529}.Debug|Any CPU.ActiveCfg = Debug|Any CPU
		{EA8C804E-D58F-491C-8B94-A2550FE63529}.Debug|Any CPU.Build.0 = Debug|Any CPU
		{EA8C804E-D58F-491C-8B94-A2550FE63529}.Release|Any CPU.ActiveCfg = Release|Any CPU
		{EA8C804E-D58F-491C-8B94-A2550FE63529}.Release|Any CPU.Build.0 = Release|Any CPU
		{192F50F8-19F3-4875-83DF-5D2A2519B9AA}.Debug|Any CPU.ActiveCfg = Debug|Any CPU
		{192F50F8-19F3-4875-83DF-5D2A2519B9AA}.Debug|Any CPU.Build.0 = Debug|Any CPU
		{192F50F8-19F3-4875-83DF-5D2A2519B9AA}.Release|Any CPU.ActiveCfg = Release|Any CPU
		{192F50F8-19F3-4875-83DF-5D2A2519B9AA}.Release|Any CPU.Build.0 = Release|Any CPU
		{6A69A94B-2994-4A8B-9000-6358A5559322}.Debug|Any CPU.ActiveCfg = Debug|Any CPU
		{6A69A94B-2994-4A8B-9000-6358A5559322}.Debug|Any CPU.Build.0 = Debug|Any CPU
		{6A69A94B-2994-4A8B-9000-6358A5559322}.Release|Any CPU.ActiveCfg = Release|Any CPU
		{6A69A94B-2994-4A8B-9000-6358A5559322}.Release|Any CPU.Build.0 = Release|Any CPU
		{C4C826FD-AAB6-4DD2-BF2F-768250F37ED0}.Debug|Any CPU.ActiveCfg = Debug|Any CPU
		{C4C826FD-AAB6-4DD2-BF2F-768250F37ED0}.Debug|Any CPU.Build.0 = Debug|Any CPU
		{C4C826FD-AAB6-4DD2-BF2F-768250F37ED0}.Release|Any CPU.ActiveCfg = Release|Any CPU
		{C4C826FD-AAB6-4DD2-BF2F-768250F37ED0}.Release|Any CPU.Build.0 = Release|Any CPU
		{DF3B3141-799F-4FD7-B830-4B69BB39D246}.Debug|Any CPU.ActiveCfg = Debug|Any CPU
		{DF3B3141-799F-4FD7-B830-4B69BB39D246}.Debug|Any CPU.Build.0 = Debug|Any CPU
		{DF3B3141-799F-4FD7-B830-4B69BB39D246}.Release|Any CPU.ActiveCfg = Release|Any CPU
		{DF3B3141-799F-4FD7-B830-4B69BB39D246}.Release|Any CPU.Build.0 = Release|Any CPU
		{E5DF1285-A0F1-4795-AF2A-7BF0BCBF8EE3}.Debug|Any CPU.ActiveCfg = Debug|Any CPU
		{E5DF1285-A0F1-4795-AF2A-7BF0BCBF8EE3}.Debug|Any CPU.Build.0 = Debug|Any CPU
		{E5DF1285-A0F1-4795-AF2A-7BF0BCBF8EE3}.Release|Any CPU.ActiveCfg = Release|Any CPU
		{E5DF1285-A0F1-4795-AF2A-7BF0BCBF8EE3}.Release|Any CPU.Build.0 = Release|Any CPU
		{6D965DD0-65C4-4FE5-AD7E-B4365DB54BF8}.Debug|Any CPU.ActiveCfg = Debug|Any CPU
		{6D965DD0-65C4-4FE5-AD7E-B4365DB54BF8}.Debug|Any CPU.Build.0 = Debug|Any CPU
		{6D965DD0-65C4-4FE5-AD7E-B4365DB54BF8}.Release|Any CPU.ActiveCfg = Release|Any CPU
		{6D965DD0-65C4-4FE5-AD7E-B4365DB54BF8}.Release|Any CPU.Build.0 = Release|Any CPU
		{BF58DB14-C13B-495B-960F-E93D7A422183}.Debug|Any CPU.ActiveCfg = Debug|Any CPU
		{BF58DB14-C13B-495B-960F-E93D7A422183}.Debug|Any CPU.Build.0 = Debug|Any CPU
		{BF58DB14-C13B-495B-960F-E93D7A422183}.Release|Any CPU.ActiveCfg = Release|Any CPU
		{BF58DB14-C13B-495B-960F-E93D7A422183}.Release|Any CPU.Build.0 = Release|Any CPU
		{53F577F9-668B-4B43-8E2B-6AF033FC300D}.Debug|Any CPU.ActiveCfg = Debug|Any CPU
		{53F577F9-668B-4B43-8E2B-6AF033FC300D}.Debug|Any CPU.Build.0 = Debug|Any CPU
		{53F577F9-668B-4B43-8E2B-6AF033FC300D}.Release|Any CPU.ActiveCfg = Release|Any CPU
		{53F577F9-668B-4B43-8E2B-6AF033FC300D}.Release|Any CPU.Build.0 = Release|Any CPU
		{F25A5FF1-BA02-49EF-BE92-A9B91A24D57B}.Debug|Any CPU.ActiveCfg = Debug|Any CPU
		{F25A5FF1-BA02-49EF-BE92-A9B91A24D57B}.Debug|Any CPU.Build.0 = Debug|Any CPU
		{F25A5FF1-BA02-49EF-BE92-A9B91A24D57B}.Release|Any CPU.ActiveCfg = Release|Any CPU
		{F25A5FF1-BA02-49EF-BE92-A9B91A24D57B}.Release|Any CPU.Build.0 = Release|Any CPU
		{F18D529D-31F6-4456-A1B6-CC69381A472E}.Debug|Any CPU.ActiveCfg = Debug|Any CPU
		{F18D529D-31F6-4456-A1B6-CC69381A472E}.Debug|Any CPU.Build.0 = Debug|Any CPU
		{F18D529D-31F6-4456-A1B6-CC69381A472E}.Release|Any CPU.ActiveCfg = Release|Any CPU
		{F18D529D-31F6-4456-A1B6-CC69381A472E}.Release|Any CPU.Build.0 = Release|Any CPU
		{C8187FED-CF5D-4209-B28C-43060321DFCF}.Debug|Any CPU.ActiveCfg = Debug|Any CPU
		{C8187FED-CF5D-4209-B28C-43060321DFCF}.Debug|Any CPU.Build.0 = Debug|Any CPU
		{C8187FED-CF5D-4209-B28C-43060321DFCF}.Release|Any CPU.ActiveCfg = Release|Any CPU
		{C8187FED-CF5D-4209-B28C-43060321DFCF}.Release|Any CPU.Build.0 = Release|Any CPU
		{35A5386E-19B1-4FEA-8288-E4EE1E6711D7}.Debug|Any CPU.ActiveCfg = Debug|Any CPU
		{35A5386E-19B1-4FEA-8288-E4EE1E6711D7}.Debug|Any CPU.Build.0 = Debug|Any CPU
		{35A5386E-19B1-4FEA-8288-E4EE1E6711D7}.Release|Any CPU.ActiveCfg = Release|Any CPU
		{35A5386E-19B1-4FEA-8288-E4EE1E6711D7}.Release|Any CPU.Build.0 = Release|Any CPU
		{641808E5-8B2B-46A6-9C0B-EA66AFC52F64}.Debug|Any CPU.ActiveCfg = Debug|Any CPU
		{641808E5-8B2B-46A6-9C0B-EA66AFC52F64}.Debug|Any CPU.Build.0 = Debug|Any CPU
		{641808E5-8B2B-46A6-9C0B-EA66AFC52F64}.Release|Any CPU.ActiveCfg = Release|Any CPU
		{641808E5-8B2B-46A6-9C0B-EA66AFC52F64}.Release|Any CPU.Build.0 = Release|Any CPU
		{D23EA7A2-A1B7-4B70-A81A-29159C3E6078}.Debug|Any CPU.ActiveCfg = Debug|Any CPU
		{D23EA7A2-A1B7-4B70-A81A-29159C3E6078}.Debug|Any CPU.Build.0 = Debug|Any CPU
		{D23EA7A2-A1B7-4B70-A81A-29159C3E6078}.Release|Any CPU.ActiveCfg = Release|Any CPU
		{D23EA7A2-A1B7-4B70-A81A-29159C3E6078}.Release|Any CPU.Build.0 = Release|Any CPU
		{06634C9F-8723-4FA0-ACD0-7433980447F5}.Debug|Any CPU.ActiveCfg = Debug|Any CPU
		{06634C9F-8723-4FA0-ACD0-7433980447F5}.Debug|Any CPU.Build.0 = Debug|Any CPU
		{06634C9F-8723-4FA0-ACD0-7433980447F5}.Release|Any CPU.ActiveCfg = Release|Any CPU
		{06634C9F-8723-4FA0-ACD0-7433980447F5}.Release|Any CPU.Build.0 = Release|Any CPU
	EndGlobalSection
	GlobalSection(SolutionProperties) = preSolution
		HideSolutionNode = FALSE
	EndGlobalSection
	GlobalSection(NestedProjects) = preSolution
		{C4C826FD-AAB6-4DD2-BF2F-768250F37ED0} = {308D68EA-7D30-42E5-AEB4-2372F1473EF7}
		{DF3B3141-799F-4FD7-B830-4B69BB39D246} = {308D68EA-7D30-42E5-AEB4-2372F1473EF7}
		{E5DF1285-A0F1-4795-AF2A-7BF0BCBF8EE3} = {308D68EA-7D30-42E5-AEB4-2372F1473EF7}
		{6D965DD0-65C4-4FE5-AD7E-B4365DB54BF8} = {308D68EA-7D30-42E5-AEB4-2372F1473EF7}
		{BF58DB14-C13B-495B-960F-E93D7A422183} = {308D68EA-7D30-42E5-AEB4-2372F1473EF7}
		{53F577F9-668B-4B43-8E2B-6AF033FC300D} = {308D68EA-7D30-42E5-AEB4-2372F1473EF7}
		{F25A5FF1-BA02-49EF-BE92-A9B91A24D57B} = {3CE176D4-DF89-45E6-AF92-20EEBE787982}
		{F18D529D-31F6-4456-A1B6-CC69381A472E} = {3CE176D4-DF89-45E6-AF92-20EEBE787982}
		{C8187FED-CF5D-4209-B28C-43060321DFCF} = {3CE176D4-DF89-45E6-AF92-20EEBE787982}
		{35A5386E-19B1-4FEA-8288-E4EE1E6711D7} = {3CE176D4-DF89-45E6-AF92-20EEBE787982}
		{641808E5-8B2B-46A6-9C0B-EA66AFC52F64} = {3CE176D4-DF89-45E6-AF92-20EEBE787982}
		{3CE176D4-DF89-45E6-AF92-20EEBE787982} = {308D68EA-7D30-42E5-AEB4-2372F1473EF7}
		{F97D2D44-B712-4E7E-B914-994CBC885099} = {308D68EA-7D30-42E5-AEB4-2372F1473EF7}
		{D23EA7A2-A1B7-4B70-A81A-29159C3E6078} = {F97D2D44-B712-4E7E-B914-994CBC885099}
		{06634C9F-8723-4FA0-ACD0-7433980447F5} = {F97D2D44-B712-4E7E-B914-994CBC885099}
	EndGlobalSection
	GlobalSection(ExtensibilityGlobals) = postSolution
		SolutionGuid = {B5CB7ABA-F29B-4F0C-A732-9F2C0B475DA6}
	EndGlobalSection
EndGlobal
